
Microsoft Visual Studio Solution File, Format Version 12.00
# Visual Studio Version 17
VisualStudioVersion = 17.4.33205.214
MinimumVisualStudioVersion = 10.0.40219.1
Project("{FAE04EC0-301F-11D3-BF4B-00C04F79EFBC}") = "clase3", "clase3\clase3.csproj", "{3A455CE3-1569-452B-ADF6-ED19246180F8}"
EndProject
Global
	GlobalSection(SolutionConfigurationPlatforms) = preSolution
		Debug|Any CPU = Debug|Any CPU
		Release|Any CPU = Release|Any CPU
	EndGlobalSection
	GlobalSection(ProjectConfigurationPlatforms) = postSolution
		{3A455CE3-1569-452B-ADF6-ED19246180F8}.Debug|Any CPU.ActiveCfg = Debug|Any CPU
		{3A455CE3-1569-452B-ADF6-ED19246180F8}.Debug|Any CPU.Build.0 = Debug|Any CPU
		{3A455CE3-1569-452B-ADF6-ED19246180F8}.Release|Any CPU.ActiveCfg = Release|Any CPU
		{3A455CE3-1569-452B-ADF6-ED19246180F8}.Release|Any CPU.Build.0 = Release|Any CPU
	EndGlobalSection
	GlobalSection(SolutionProperties) = preSolution
		HideSolutionNode = FALSE
	EndGlobalSection
	GlobalSection(ExtensibilityGlobals) = postSolution
		SolutionGuid = {FE6EAD2A-D87E-4643-85B4-BDA75DEA79CD}
	EndGlobalSection
EndGlobal
